
Microsoft Visual Studio Solution File, Format Version 12.00
# Visual Studio Version 17
VisualStudioVersion = 17.9.34622.214
MinimumVisualStudioVersion = 10.0.40219.1
Project("{FAE04EC0-301F-11D3-BF4B-00C04F79EFBC}") = "Flipkart_page.Android", "Flipkart_page\Flipkart_page.Android\Flipkart_page.Android.csproj", "{D0FB91F2-CB0D-4B0C-989A-380992D92DF1}"
EndProject
Project("{FAE04EC0-301F-11D3-BF4B-00C04F79EFBC}") = "Flipkart_page.iOS", "Flipkart_page\Flipkart_page.iOS\Flipkart_page.iOS.csproj", "{E1D73A66-3504-4E09-B6D4-D2CD55FF6172}"
EndProject
Project("{FAE04EC0-301F-11D3-BF4B-00C04F79EFBC}") = "Flipkart_page", "Flipkart_page\Flipkart_page\Flipkart_page.csproj", "{DEA9F4FA-AF21-44C4-B56E-8B395047F6D3}"
EndProject
Global
	GlobalSection(SolutionConfigurationPlatforms) = preSolution
		Debug|Any CPU = Debug|Any CPU
		Debug|iPhone = Debug|iPhone
		Debug|iPhoneSimulator = Debug|iPhoneSimulator
		Release|Any CPU = Release|Any CPU
		Release|iPhone = Release|iPhone
		Release|iPhoneSimulator = Release|iPhoneSimulator
	EndGlobalSection
	GlobalSection(ProjectConfigurationPlatforms) = postSolution
		{D0FB91F2-CB0D-4B0C-989A-380992D92DF1}.Debug|Any CPU.ActiveCfg = Debug|Any CPU
		{D0FB91F2-CB0D-4B0C-989A-380992D92DF1}.Debug|Any CPU.Build.0 = Debug|Any CPU
		{D0FB91F2-CB0D-4B0C-989A-380992D92DF1}.Debug|Any CPU.Deploy.0 = Debug|Any CPU
		{D0FB91F2-CB0D-4B0C-989A-380992D92DF1}.Debug|iPhone.ActiveCfg = Debug|Any CPU
		{D0FB91F2-CB0D-4B0C-989A-380992D92DF1}.Debug|iPhone.Build.0 = Debug|Any CPU
		{D0FB91F2-CB0D-4B0C-989A-380992D92DF1}.Debug|iPhone.Deploy.0 = Debug|Any CPU
		{D0FB91F2-CB0D-4B0C-989A-380992D92DF1}.Debug|iPhoneSimulator.ActiveCfg = Debug|Any CPU
		{D0FB91F2-CB0D-4B0C-989A-380992D92DF1}.Debug|iPhoneSimulator.Build.0 = Debug|Any CPU
		{D0FB91F2-CB0D-4B0C-989A-380992D92DF1}.Debug|iPhoneSimulator.Deploy.0 = Debug|Any CPU
		{D0FB91F2-CB0D-4B0C-989A-380992D92DF1}.Release|Any CPU.ActiveCfg = Release|Any CPU
		{D0FB91F2-CB0D-4B0C-989A-380992D92DF1}.Release|Any CPU.Build.0 = Release|Any CPU
		{D0FB91F2-CB0D-4B0C-989A-380992D92DF1}.Release|Any CPU.Deploy.0 = Release|Any CPU
		{D0FB91F2-CB0D-4B0C-989A-380992D92DF1}.Release|iPhone.ActiveCfg = Release|Any CPU
		{D0FB91F2-CB0D-4B0C-989A-380992D92DF1}.Release|iPhone.Build.0 = Release|Any CPU
		{D0FB91F2-CB0D-4B0C-989A-380992D92DF1}.Release|iPhone.Deploy.0 = Release|Any CPU
		{D0FB91F2-CB0D-4B0C-989A-380992D92DF1}.Release|iPhoneSimulator.ActiveCfg = Release|Any CPU
		{D0FB91F2-CB0D-4B0C-989A-380992D92DF1}.Release|iPhoneSimulator.Build.0 = Release|Any CPU
		{D0FB91F2-CB0D-4B0C-989A-380992D92DF1}.Release|iPhoneSimulator.Deploy.0 = Release|Any CPU
		{E1D73A66-3504-4E09-B6D4-D2CD55FF6172}.Debug|Any CPU.ActiveCfg = Debug|iPhone
		{E1D73A66-3504-4E09-B6D4-D2CD55FF6172}.Debug|Any CPU.Build.0 = Debug|iPhone
		{E1D73A66-3504-4E09-B6D4-D2CD55FF6172}.Debug|Any CPU.Deploy.0 = Debug|iPhone
		{E1D73A66-3504-4E09-B6D4-D2CD55FF6172}.Debug|iPhone.ActiveCfg = Debug|iPhone
		{E1D73A66-3504-4E09-B6D4-D2CD55FF6172}.Debug|iPhone.Build.0 = Debug|iPhone
		{E1D73A66-3504-4E09-B6D4-D2CD55FF6172}.Debug|iPhone.Deploy.0 = Debug|iPhone
		{E1D73A66-3504-4E09-B6D4-D2CD55FF6172}.Debug|iPhoneSimulator.ActiveCfg = Debug|iPhoneSimulator
		{E1D73A66-3504-4E09-B6D4-D2CD55FF6172}.Debug|iPhoneSimulator.Build.0 = Debug|iPhoneSimulator
		{E1D73A66-3504-4E09-B6D4-D2CD55FF6172}.Debug|iPhoneSimulator.Deploy.0 = Debug|iPhoneSimulator
		{E1D73A66-3504-4E09-B6D4-D2CD55FF6172}.Release|Any CPU.ActiveCfg = Release|iPhoneSimulator
		{E1D73A66-3504-4E09-B6D4-D2CD55FF6172}.Release|Any CPU.Build.0 = Release|iPhoneSimulator
		{E1D73A66-3504-4E09-B6D4-D2CD55FF6172}.Release|Any CPU.Deploy.0 = Release|iPhoneSimulator
		{E1D73A66-3504-4E09-B6D4-D2CD55FF6172}.Release|iPhone.ActiveCfg = Release|iPhone
		{E1D73A66-3504-4E09-B6D4-D2CD55FF6172}.Release|iPhone.Build.0 = Release|iPhone
		{E1D73A66-3504-4E09-B6D4-D2CD55FF6172}.Release|iPhone.Deploy.0 = Release|iPhone
		{E1D73A66-3504-4E09-B6D4-D2CD55FF6172}.Release|iPhoneSimulator.ActiveCfg = Release|iPhoneSimulator
		{E1D73A66-3504-4E09-B6D4-D2CD55FF6172}.Release|iPhoneSimulator.Build.0 = Release|iPhoneSimulator
		{E1D73A66-3504-4E09-B6D4-D2CD55FF6172}.Release|iPhoneSimulator.Deploy.0 = Release|iPhoneSimulator
		{DEA9F4FA-AF21-44C4-B56E-8B395047F6D3}.Debug|Any CPU.ActiveCfg = Debug|Any CPU
		{DEA9F4FA-AF21-44C4-B56E-8B395047F6D3}.Debug|Any CPU.Build.0 = Debug|Any CPU
		{DEA9F4FA-AF21-44C4-B56E-8B395047F6D3}.Debug|Any CPU.Deploy.0 = Debug|Any CPU
		{DEA9F4FA-AF21-44C4-B56E-8B395047F6D3}.Debug|iPhone.ActiveCfg = Debug|Any CPU
		{DEA9F4FA-AF21-44C4-B56E-8B395047F6D3}.Debug|iPhone.Build.0 = Debug|Any CPU
		{DEA9F4FA-AF21-44C4-B56E-8B395047F6D3}.Debug|iPhone.Deploy.0 = Debug|Any CPU
		{DEA9F4FA-AF21-44C4-B56E-8B395047F6D3}.Debug|iPhoneSimulator.ActiveCfg = Debug|Any CPU
		{DEA9F4FA-AF21-44C4-B56E-8B395047F6D3}.Debug|iPhoneSimulator.Build.0 = Debug|Any CPU
		{DEA9F4FA-AF21-44C4-B56E-8B395047F6D3}.Debug|iPhoneSimulator.Deploy.0 = Debug|Any CPU
		{DEA9F4FA-AF21-44C4-B56E-8B395047F6D3}.Release|Any CPU.ActiveCfg = Release|Any CPU
		{DEA9F4FA-AF21-44C4-B56E-8B395047F6D3}.Release|Any CPU.Build.0 = Release|Any CPU
		{DEA9F4FA-AF21-44C4-B56E-8B395047F6D3}.Release|Any CPU.Deploy.0 = Release|Any CPU
		{DEA9F4FA-AF21-44C4-B56E-8B395047F6D3}.Release|iPhone.ActiveCfg = Release|Any CPU
		{DEA9F4FA-AF21-44C4-B56E-8B395047F6D3}.Release|iPhone.Build.0 = Release|Any CPU
		{DEA9F4FA-AF21-44C4-B56E-8B395047F6D3}.Release|iPhone.Deploy.0 = Release|Any CPU
		{DEA9F4FA-AF21-44C4-B56E-8B395047F6D3}.Release|iPhoneSimulator.ActiveCfg = Release|Any CPU
		{DEA9F4FA-AF21-44C4-B56E-8B395047F6D3}.Release|iPhoneSimulator.Build.0 = Release|Any CPU
		{DEA9F4FA-AF21-44C4-B56E-8B395047F6D3}.Release|iPhoneSimulator.Deploy.0 = Release|Any CPU
	EndGlobalSection
	GlobalSection(SolutionProperties) = preSolution
		HideSolutionNode = FALSE
	EndGlobalSection
	GlobalSection(ExtensibilityGlobals) = postSolution
		SolutionGuid = {2E4D95D8-C5E0-41CC-A32F-C6AFDCDC412C}
	EndGlobalSection
EndGlobal
